
Microsoft Visual Studio Solution File, Format Version 12.00
# Visual Studio Version 17
VisualStudioVersion = 17.1.32421.90
MinimumVisualStudioVersion = 10.0.40219.1
Project("{9A19103F-16F7-4668-BE54-9A1E7A4F7556}") = "PhotoManager", "PhotoManager.csproj", "{0C09DAAD-47F0-4912-B959-0892D5B85B6C}"
EndProject
Project("{2150E333-8FDC-42A3-9474-1A3956D46DE8}") = "Solution Items", "Solution Items", "{82E6F8B2-97E2-4A08-A4C2-3EDD5B457678}"
	ProjectSection(SolutionItems) = preProject
		.editorconfig = .editorconfig
	EndProjectSection
EndProject
Global
	GlobalSection(SolutionConfigurationPlatforms) = preSolution
		Debug|Any CPU = Debug|Any CPU
		Release|Any CPU = Release|Any CPU
	EndGlobalSection
	GlobalSection(ProjectConfigurationPlatforms) = postSolution
		{0C09DAAD-47F0-4912-B959-0892D5B85B6C}.Debug|Any CPU.ActiveCfg = Debug|Any CPU
		{0C09DAAD-47F0-4912-B959-0892D5B85B6C}.Debug|Any CPU.Build.0 = Debug|Any CPU
		{0C09DAAD-47F0-4912-B959-0892D5B85B6C}.Release|Any CPU.ActiveCfg = Release|Any CPU
		{0C09DAAD-47F0-4912-B959-0892D5B85B6C}.Release|Any CPU.Build.0 = Release|Any CPU
	EndGlobalSection
	GlobalSection(SolutionProperties) = preSolution
		HideSolutionNode = FALSE
	EndGlobalSection
	GlobalSection(ExtensibilityGlobals) = postSolution
		SolutionGuid = {0EFFE7CB-8F6B-4865-9EBB-0F6CCC2A5E96}
	EndGlobalSection
EndGlobal
